{
  "name": "systemd",
  "version": "1.0.0",
  "lockfileVersion": 1,
  "requires": true,
  "dependencies": {
    "systemd": {
      "version": "0.3.1",
      "resolved": "https://registry.npmjs.org/systemd/-/systemd-0.3.1.tgz",
      "integrity": "sha512-xsspyB6WkvYSGJjDNyrDMWYuzwn4HtxKf1GWlnbgy3uy4J9nKzOmyreI4oGekP+icWlmp7EPgYLFEvqeXCUszg=="
    }
  }
}
